Microsoft Visual Studio Solution File, Format Version 12.00
# Visual Studio 2012
Project("{FAE04EC0-301F-11D3-BF4B-00C04F79EFBC}") = "mini_jame_gam_31", "mini_jame_gam_31.csproj", "{16C823AB-916B-45D8-8389-496BF2D8B059}"
EndProject
Global
	GlobalSection(SolutionConfigurationPlatforms) = preSolution
	Debug|Any CPU = Debug|Any CPU
	ExportDebug|Any CPU = ExportDebug|Any CPU
	ExportRelease|Any CPU = ExportRelease|Any CPU
	EndGlobalSection
	GlobalSection(ProjectConfigurationPlatforms) = postSolution
		{16C823AB-916B-45D8-8389-496BF2D8B059}.Debug|Any CPU.ActiveCfg = Debug|Any CPU
		{16C823AB-916B-45D8-8389-496BF2D8B059}.Debug|Any CPU.Build.0 = Debug|Any CPU
		{16C823AB-916B-45D8-8389-496BF2D8B059}.ExportDebug|Any CPU.ActiveCfg = ExportDebug|Any CPU
		{16C823AB-916B-45D8-8389-496BF2D8B059}.ExportDebug|Any CPU.Build.0 = ExportDebug|Any CPU
		{16C823AB-916B-45D8-8389-496BF2D8B059}.ExportRelease|Any CPU.ActiveCfg = ExportRelease|Any CPU
		{16C823AB-916B-45D8-8389-496BF2D8B059}.ExportRelease|Any CPU.Build.0 = ExportRelease|Any CPU
	EndGlobalSection
EndGlobal
